
Microsoft Visual Studio Solution File, Format Version 12.00
# Visual Studio Version 16
VisualStudioVersion = 16.0.33328.57
MinimumVisualStudioVersion = 10.0.40219.1
Project("{FAE04EC0-301F-11D3-BF4B-00C04F79EFBC}") = "MethodsAndObjectsSubAssign", "MethodsAndObjectsSubAssign\MethodsAndObjectsSubAssign.csproj", "{A0FEE0DB-48D2-47F0-96AE-B0034356CDCF}"
EndProject
Global
	GlobalSection(SolutionConfigurationPlatforms) = preSolution
		Debug|Any CPU = Debug|Any CPU
		Release|Any CPU = Release|Any CPU
	EndGlobalSection
	GlobalSection(ProjectConfigurationPlatforms) = postSolution
		{A0FEE0DB-48D2-47F0-96AE-B0034356CDCF}.Debug|Any CPU.ActiveCfg = Debug|Any CPU
		{A0FEE0DB-48D2-47F0-96AE-B0034356CDCF}.Debug|Any CPU.Build.0 = Debug|Any CPU
		{A0FEE0DB-48D2-47F0-96AE-B0034356CDCF}.Release|Any CPU.ActiveCfg = Release|Any CPU
		{A0FEE0DB-48D2-47F0-96AE-B0034356CDCF}.Release|Any CPU.Build.0 = Release|Any CPU
	EndGlobalSection
	GlobalSection(SolutionProperties) = preSolution
		HideSolutionNode = FALSE
	EndGlobalSection
	GlobalSection(ExtensibilityGlobals) = postSolution
		SolutionGuid = {E089D7B7-3ED8-4357-81D6-59949A248428}
	EndGlobalSection
EndGlobal
