
Microsoft Visual Studio Solution File, Format Version 12.00
# Visual Studio Version 16
VisualStudioVersion = 16.0.33328.57
MinimumVisualStudioVersion = 10.0.40219.1
Project("{FAE04EC0-301F-11D3-BF4B-00C04F79EFBC}") = "StringFunctions", "StringFunctions\StringFunctions.csproj", "{0120F519-5AB0-4DA9-A51A-28C005DAA444}"
EndProject
Global
	GlobalSection(SolutionConfigurationPlatforms) = preSolution
		Debug|Any CPU = Debug|Any CPU
		Release|Any CPU = Release|Any CPU
	EndGlobalSection
	GlobalSection(ProjectConfigurationPlatforms) = postSolution
		{0120F519-5AB0-4DA9-A51A-28C005DAA444}.Debug|Any CPU.ActiveCfg = Debug|Any CPU
		{0120F519-5AB0-4DA9-A51A-28C005DAA444}.Debug|Any CPU.Build.0 = Debug|Any CPU
		{0120F519-5AB0-4DA9-A51A-28C005DAA444}.Release|Any CPU.ActiveCfg = Release|Any CPU
		{0120F519-5AB0-4DA9-A51A-28C005DAA444}.Release|Any CPU.Build.0 = Release|Any CPU
	EndGlobalSection
	GlobalSection(SolutionProperties) = preSolution
		HideSolutionNode = FALSE
	EndGlobalSection
	GlobalSection(ExtensibilityGlobals) = postSolution
		SolutionGuid = {1145C5A4-7239-4F6A-BDE2-8FA36A813C50}
	EndGlobalSection
EndGlobal
