
Microsoft Visual Studio Solution File, Format Version 12.00
# Visual Studio Version 16
VisualStudioVersion = 16.0.33328.57
MinimumVisualStudioVersion = 10.0.40219.1
Project("{FAE04EC0-301F-11D3-BF4B-00C04F79EFBC}") = "OperatorsSubAssign", "OperatorsSubAssign\OperatorsSubAssign.csproj", "{8F5C1B4E-6CCB-4DF0-AED4-BA88E75EE6CE}"
EndProject
Global
	GlobalSection(SolutionConfigurationPlatforms) = preSolution
		Debug|Any CPU = Debug|Any CPU
		Release|Any CPU = Release|Any CPU
	EndGlobalSection
	GlobalSection(ProjectConfigurationPlatforms) = postSolution
		{8F5C1B4E-6CCB-4DF0-AED4-BA88E75EE6CE}.Debug|Any CPU.ActiveCfg = Debug|Any CPU
		{8F5C1B4E-6CCB-4DF0-AED4-BA88E75EE6CE}.Debug|Any CPU.Build.0 = Debug|Any CPU
		{8F5C1B4E-6CCB-4DF0-AED4-BA88E75EE6CE}.Release|Any CPU.ActiveCfg = Release|Any CPU
		{8F5C1B4E-6CCB-4DF0-AED4-BA88E75EE6CE}.Release|Any CPU.Build.0 = Release|Any CPU
	EndGlobalSection
	GlobalSection(SolutionProperties) = preSolution
		HideSolutionNode = FALSE
	EndGlobalSection
	GlobalSection(ExtensibilityGlobals) = postSolution
		SolutionGuid = {1474CE94-F74A-4B78-A795-06DD4D43E194}
	EndGlobalSection
EndGlobal
