
Microsoft Visual Studio Solution File, Format Version 12.00
# Visual Studio Version 16
VisualStudioVersion = 16.0.33328.57
MinimumVisualStudioVersion = 10.0.40219.1
Project("{FAE04EC0-301F-11D3-BF4B-00C04F79EFBC}") = "MethodClassSubAssign", "MethodClassSubAssign\MethodClassSubAssign.csproj", "{4773BE38-3A4B-451D-A271-D38302E9BCEB}"
EndProject
Global
	GlobalSection(SolutionConfigurationPlatforms) = preSolution
		Debug|Any CPU = Debug|Any CPU
		Release|Any CPU = Release|Any CPU
	EndGlobalSection
	GlobalSection(ProjectConfigurationPlatforms) = postSolution
		{4773BE38-3A4B-451D-A271-D38302E9BCEB}.Debug|Any CPU.ActiveCfg = Debug|Any CPU
		{4773BE38-3A4B-451D-A271-D38302E9BCEB}.Debug|Any CPU.Build.0 = Debug|Any CPU
		{4773BE38-3A4B-451D-A271-D38302E9BCEB}.Release|Any CPU.ActiveCfg = Release|Any CPU
		{4773BE38-3A4B-451D-A271-D38302E9BCEB}.Release|Any CPU.Build.0 = Release|Any CPU
	EndGlobalSection
	GlobalSection(SolutionProperties) = preSolution
		HideSolutionNode = FALSE
	EndGlobalSection
	GlobalSection(ExtensibilityGlobals) = postSolution
		SolutionGuid = {B1ECA414-FAC6-4297-AB86-FBC2F8E23964}
	EndGlobalSection
EndGlobal
