
Microsoft Visual Studio Solution File, Format Version 12.00
# Visual Studio Version 16
VisualStudioVersion = 16.0.33328.57
MinimumVisualStudioVersion = 10.0.40219.1
Project("{FAE04EC0-301F-11D3-BF4B-00C04F79EFBC}") = "BooleanLogic", "BooleanLogic\BooleanLogic.csproj", "{AE734BBC-A3DC-45DB-A990-6670E8567CED}"
EndProject
Global
	GlobalSection(SolutionConfigurationPlatforms) = preSolution
		Debug|Any CPU = Debug|Any CPU
		Release|Any CPU = Release|Any CPU
	EndGlobalSection
	GlobalSection(ProjectConfigurationPlatforms) = postSolution
		{AE734BBC-A3DC-45DB-A990-6670E8567CED}.Debug|Any CPU.ActiveCfg = Debug|Any CPU
		{AE734BBC-A3DC-45DB-A990-6670E8567CED}.Debug|Any CPU.Build.0 = Debug|Any CPU
		{AE734BBC-A3DC-45DB-A990-6670E8567CED}.Release|Any CPU.ActiveCfg = Release|Any CPU
		{AE734BBC-A3DC-45DB-A990-6670E8567CED}.Release|Any CPU.Build.0 = Release|Any CPU
	EndGlobalSection
	GlobalSection(SolutionProperties) = preSolution
		HideSolutionNode = FALSE
	EndGlobalSection
	GlobalSection(ExtensibilityGlobals) = postSolution
		SolutionGuid = {A90091B4-9B01-4E88-84E0-E0BA7A0CE34B}
	EndGlobalSection
EndGlobal
