
Microsoft Visual Studio Solution File, Format Version 12.00
# Visual Studio Version 16
VisualStudioVersion = 16.0.33328.57
MinimumVisualStudioVersion = 10.0.40219.1
Project("{FAE04EC0-301F-11D3-BF4B-00C04F79EFBC}") = "TryCatchAssign", "TryCatchAssign\TryCatchAssign.csproj", "{C496B88B-44E3-4E3D-B70F-EFE74C7BDF14}"
EndProject
Global
	GlobalSection(SolutionConfigurationPlatforms) = preSolution
		Debug|Any CPU = Debug|Any CPU
		Release|Any CPU = Release|Any CPU
	EndGlobalSection
	GlobalSection(ProjectConfigurationPlatforms) = postSolution
		{C496B88B-44E3-4E3D-B70F-EFE74C7BDF14}.Debug|Any CPU.ActiveCfg = Debug|Any CPU
		{C496B88B-44E3-4E3D-B70F-EFE74C7BDF14}.Debug|Any CPU.Build.0 = Debug|Any CPU
		{C496B88B-44E3-4E3D-B70F-EFE74C7BDF14}.Release|Any CPU.ActiveCfg = Release|Any CPU
		{C496B88B-44E3-4E3D-B70F-EFE74C7BDF14}.Release|Any CPU.Build.0 = Release|Any CPU
	EndGlobalSection
	GlobalSection(SolutionProperties) = preSolution
		HideSolutionNode = FALSE
	EndGlobalSection
	GlobalSection(ExtensibilityGlobals) = postSolution
		SolutionGuid = {0E8D9044-F275-44CC-BC4E-35FED5B18F93}
	EndGlobalSection
EndGlobal
